{
  "object": {
    "pins": [
      {
        "package": "RedShot",
        "repositoryURL": "https://github.com/OperatorFoundation/Redshot.git",
        "state": {
          "branch": null,
          "revision": "a7799f31ba42a61342d52c6beebc388391ed0953",
          "version": "0.2.0"
        }
      }
    ]
  },
  "version": 1
}
