{
  "object": {
    "pins": [
      {
        "package": "Datable",
        "repositoryURL": "https://github.com/OperatorFoundation/Datable.git",
        "state": {
          "branch": null,
          "revision": "e30cbdd1a9a7264fcbb3ebfe415a24420ae7ac13",
          "version": "0.0.8"
        }
      },
      {
        "package": "RedShot",
        "repositoryURL": "https://github.com/OperatorFoundation/Redshot.git",
        "state": {
          "branch": null,
          "revision": "542020e112005d2780b2754f3fff4167eb671576",
          "version": "0.2.9"
        }
      }
    ]
  },
  "version": 1
}
