{
  "object": {
    "pins": [
      {
        "package": "Datable",
        "repositoryURL": "https://github.com/OperatorFoundation/Datable.git",
        "state": {
          "branch": null,
          "revision": "cc91e8b71dbbe125a19090c26f4e8c21b6d0dcb4",
          "version": "1.0.5"
        }
      },
      {
        "package": "RedShot",
        "repositoryURL": "https://github.com/OperatorFoundation/Redshot.git",
        "state": {
          "branch": null,
          "revision": "0efc89a4be5d07db01300398d83478d8c856f589",
          "version": "0.3.13"
        }
      }
    ]
  },
  "version": 1
}
